// !$*UTF8*$!
{
	archiveVersion = 1;
	classes = {
	};
	objectVersion = 56;
	objects = {

/* Begin PBXBuildFile section */
		5C02F871297DB8F800D0B091 /* LoginController.swift in Sources */ = {isa = PBXBuildFile; fileRef = 5C02F870297DB8F800D0B091 /* LoginController.swift */; };
		5C02F873297DB90E00D0B091 /* RegistrationController.swift in Sources */ = {isa = PBXBuildFile; fileRef = 5C02F872297DB90E00D0B091 /* RegistrationController.swift */; };
		5C08A39B29B46DDB007E9B99 /* ProfileCell.swift in Sources */ = {isa = PBXBuildFile; fileRef = 5C08A39A29B46DDB007E9B99 /* ProfileCell.swift */; };
		5C08A39D29B46DE8007E9B99 /* ProfileHeader.swift in Sources */ = {isa = PBXBuildFile; fileRef = 5C08A39C29B46DE8007E9B99 /* ProfileHeader.swift */; };
		5C08A3A029B4F3C4007E9B99 /* UserService.swift in Sources */ = {isa = PBXBuildFile; fileRef = 5C08A39F29B4F3C4007E9B99 /* UserService.swift */; };
		5C08A3A229B4F443007E9B99 /* Constants.swift in Sources */ = {isa = PBXBuildFile; fileRef = 5C08A3A129B4F443007E9B99 /* Constants.swift */; };
		5C08A3A429B4F703007E9B99 /* User.swift in Sources */ = {isa = PBXBuildFile; fileRef = 5C08A3A329B4F703007E9B99 /* User.swift */; };
		5C1DD45F2977E59600392F71 /* FeedCell.swift in Sources */ = {isa = PBXBuildFile; fileRef = 5C1DD45E2977E59600392F71 /* FeedCell.swift */; };
		5C1DD4612977E6CE00392F71 /* Extensions.swift in Sources */ = {isa = PBXBuildFile; fileRef = 5C1DD4602977E6CE00392F71 /* Extensions.swift */; };
		5C3348C429772A0F00FB2F19 /* MainTabController.swift in Sources */ = {isa = PBXBuildFile; fileRef = 5C3348C329772A0F00FB2F19 /* MainTabController.swift */; };
		5C52DA15299234FF00586CC2 /* GoogleService-Info.plist in Resources */ = {isa = PBXBuildFile; fileRef = 5C52DA14299234FF00586CC2 /* GoogleService-Info.plist */; };
		5C52DA1829923C1500586CC2 /* FirebaseAnalytics in Frameworks */ = {isa = PBXBuildFile; productRef = 5C52DA1729923C1500586CC2 /* FirebaseAnalytics */; };
		5C52DA1A29923C1500586CC2 /* FirebaseAnalyticsSwift in Frameworks */ = {isa = PBXBuildFile; productRef = 5C52DA1929923C1500586CC2 /* FirebaseAnalyticsSwift */; };
		5C52DA1C29923C1500586CC2 /* FirebaseAuth in Frameworks */ = {isa = PBXBuildFile; productRef = 5C52DA1B29923C1500586CC2 /* FirebaseAuth */; };
		5C52DA1E29923C1500586CC2 /* FirebaseDatabase in Frameworks */ = {isa = PBXBuildFile; productRef = 5C52DA1D29923C1500586CC2 /* FirebaseDatabase */; };
		5C52DA2029923C1500586CC2 /* FirebaseDatabaseSwift in Frameworks */ = {isa = PBXBuildFile; productRef = 5C52DA1F29923C1500586CC2 /* FirebaseDatabaseSwift */; };
		5C52DA2229923C1500586CC2 /* FirebaseFirestore in Frameworks */ = {isa = PBXBuildFile; productRef = 5C52DA2129923C1500586CC2 /* FirebaseFirestore */; };
		5C52DA2429923C1500586CC2 /* FirebaseFirestoreSwift in Frameworks */ = {isa = PBXBuildFile; productRef = 5C52DA2329923C1500586CC2 /* FirebaseFirestoreSwift */; };
		5C52DA2629923C1500586CC2 /* FirebaseMessaging in Frameworks */ = {isa = PBXBuildFile; productRef = 5C52DA2529923C1500586CC2 /* FirebaseMessaging */; };
		5C52DA2829923C1500586CC2 /* FirebaseStorage in Frameworks */ = {isa = PBXBuildFile; productRef = 5C52DA2729923C1500586CC2 /* FirebaseStorage */; };
		5C52DA2A299240D600586CC2 /* ImageUploader.swift in Sources */ = {isa = PBXBuildFile; fileRef = 5C52DA29299240D600586CC2 /* ImageUploader.swift */; };
		5C52DA2C299240E800586CC2 /* AuthService.swift in Sources */ = {isa = PBXBuildFile; fileRef = 5C52DA2B299240E800586CC2 /* AuthService.swift */; };
		5C560EC72990C7E7002AF1B7 /* AuthenticationViewModel.swift in Sources */ = {isa = PBXBuildFile; fileRef = 5C560EC62990C7E7002AF1B7 /* AuthenticationViewModel.swift */; };
		5C83C5ED2982C7C00003C119 /* CustomTextField.swift in Sources */ = {isa = PBXBuildFile; fileRef = 5C83C5EC2982C7C00003C119 /* CustomTextField.swift */; };
		5CA406022977BCC50089AF55 /* FeedController.swift in Sources */ = {isa = PBXBuildFile; fileRef = 5CA406012977BCC50089AF55 /* FeedController.swift */; };
		5CA406042977BCD50089AF55 /* SearchController.swift in Sources */ = {isa = PBXBuildFile; fileRef = 5CA406032977BCD50089AF55 /* SearchController.swift */; };
		5CA406062977BCEA0089AF55 /* ImageSelectController.swift in Sources */ = {isa = PBXBuildFile; fileRef = 5CA406052977BCEA0089AF55 /* ImageSelectController.swift */; };
		5CA406082977BD050089AF55 /* NotificationController.swift in Sources */ = {isa = PBXBuildFile; fileRef = 5CA406072977BD050089AF55 /* NotificationController.swift */; };
		5CA4060A2977BD200089AF55 /* ProfileController.swift in Sources */ = {isa = PBXBuildFile; fileRef = 5CA406092977BD200089AF55 /* ProfileController.swift */; };
		5CA70FE129B884DF003E3D5B /* YPImagePicker in Frameworks */ = {isa = PBXBuildFile; productRef = 5CA70FE029B884DF003E3D5B /* YPImagePicker */; };
		5CA70FE329B88B92003E3D5B /* UploadPostController.swift in Sources */ = {isa = PBXBuildFile; fileRef = 5CA70FE229B88B92003E3D5B /* UploadPostController.swift */; };
		5CA70FE529B8945E003E3D5B /* InputTextView.swift in Sources */ = {isa = PBXBuildFile; fileRef = 5CA70FE429B8945E003E3D5B /* InputTextView.swift */; };
		5CA70FE729B9DF64003E3D5B /* PostService.swift in Sources */ = {isa = PBXBuildFile; fileRef = 5CA70FE629B9DF64003E3D5B /* PostService.swift */; };
		5CA70FEA29B9F459003E3D5B /* JGProgressHUD in Frameworks */ = {isa = PBXBuildFile; productRef = 5CA70FE929B9F459003E3D5B /* JGProgressHUD */; };
		5CA70FEC29BAD0F1003E3D5B /* Post.swift in Sources */ = {isa = PBXBuildFile; fileRef = 5CA70FEB29BAD0F1003E3D5B /* Post.swift */; };
		5CAF66002977276E00F983E0 /* AppDelegate.swift in Sources */ = {isa = PBXBuildFile; fileRef = 5CAF65FF2977276E00F983E0 /* AppDelegate.swift */; };
		5CAF66022977276E00F983E0 /* SceneDelegate.swift in Sources */ = {isa = PBXBuildFile; fileRef = 5CAF66012977276E00F983E0 /* SceneDelegate.swift */; };
		5CAF66042977276E00F983E0 /* ViewController.swift in Sources */ = {isa = PBXBuildFile; fileRef = 5CAF66032977276E00F983E0 /* ViewController.swift */; };
		5CAF66072977276E00F983E0 /* Main.storyboard in Resources */ = {isa = PBXBuildFile; fileRef = 5CAF66052977276E00F983E0 /* Main.storyboard */; };
		5CAF66092977276F00F983E0 /* Assets.xcassets in Resources */ = {isa = PBXBuildFile; fileRef = 5CAF66082977276F00F983E0 /* Assets.xcassets */; };
		5CAF660C2977276F00F983E0 /* LaunchScreen.storyboard in Resources */ = {isa = PBXBuildFile; fileRef = 5CAF660A2977276F00F983E0 /* LaunchScreen.storyboard */; };
		5CB723C029B59BF200735C7E /* ProfileHeaderViewModel.swift in Sources */ = {isa = PBXBuildFile; fileRef = 5CB723BF29B59BF200735C7E /* ProfileHeaderViewModel.swift */; };
		5CB723C329B59F8F00735C7E /* SDWebImage in Frameworks */ = {isa = PBXBuildFile; productRef = 5CB723C229B59F8F00735C7E /* SDWebImage */; };
		5CB723C529B59F8F00735C7E /* SDWebImageMapKit in Frameworks */ = {isa = PBXBuildFile; productRef = 5CB723C429B59F8F00735C7E /* SDWebImageMapKit */; };
		5CB723C729B6F3E800735C7E /* UserCell.swift in Sources */ = {isa = PBXBuildFile; fileRef = 5CB723C629B6F3E800735C7E /* UserCell.swift */; };
		5CB723C929B72D2500735C7E /* UserCellViewModel.swift in Sources */ = {isa = PBXBuildFile; fileRef = 5CB723C829B72D2500735C7E /* UserCellViewModel.swift */; };
/* End PBXBuildFile section */

/* Begin PBXFileReference section */
		5C02F870297DB8F800D0B091 /* LoginController.swift */ = {isa = PBXFileReference; lastKnownFileType = sourcecode.swift; path = LoginController.swift; sourceTree = "<group>"; };
		5C02F872297DB90E00D0B091 /* RegistrationController.swift */ = {isa = PBXFileReference; lastKnownFileType = sourcecode.swift; path = RegistrationController.swift; sourceTree = "<group>"; };
		5C08A39A29B46DDB007E9B99 /* ProfileCell.swift */ = {isa = PBXFileReference; lastKnownFileType = sourcecode.swift; path = ProfileCell.swift; sourceTree = "<group>"; };
		5C08A39C29B46DE8007E9B99 /* ProfileHeader.swift */ = {isa = PBXFileReference; lastKnownFileType = sourcecode.swift; path = ProfileHeader.swift; sourceTree = "<group>"; };
		5C08A39F29B4F3C4007E9B99 /* UserService.swift */ = {isa = PBXFileReference; lastKnownFileType = sourcecode.swift; path = UserService.swift; sourceTree = "<group>"; };
		5C08A3A129B4F443007E9B99 /* Constants.swift */ = {isa = PBXFileReference; lastKnownFileType = sourcecode.swift; path = Constants.swift; sourceTree = "<group>"; };
		5C08A3A329B4F703007E9B99 /* User.swift */ = {isa = PBXFileReference; lastKnownFileType = sourcecode.swift; path = User.swift; sourceTree = "<group>"; };
		5C1DD45E2977E59600392F71 /* FeedCell.swift */ = {isa = PBXFileReference; lastKnownFileType = sourcecode.swift; path = FeedCell.swift; sourceTree = "<group>"; };
		5C1DD4602977E6CE00392F71 /* Extensions.swift */ = {isa = PBXFileReference; lastKnownFileType = sourcecode.swift; path = Extensions.swift; sourceTree = "<group>"; };
		5C3348C329772A0F00FB2F19 /* MainTabController.swift */ = {isa = PBXFileReference; lastKnownFileType = sourcecode.swift; path = MainTabController.swift; sourceTree = "<group>"; };
		5C52DA14299234FF00586CC2 /* GoogleService-Info.plist */ = {isa = PBXFileReference; lastKnownFileType = text.plist; path = "GoogleService-Info.plist"; sourceTree = SOURCE_ROOT; };
		5C52DA29299240D600586CC2 /* ImageUploader.swift */ = {isa = PBXFileReference; lastKnownFileType = sourcecode.swift; path = ImageUploader.swift; sourceTree = "<group>"; };
		5C52DA2B299240E800586CC2 /* AuthService.swift */ = {isa = PBXFileReference; lastKnownFileType = sourcecode.swift; path = AuthService.swift; sourceTree = "<group>"; };
		5C560EC62990C7E7002AF1B7 /* AuthenticationViewModel.swift */ = {isa = PBXFileReference; lastKnownFileType = sourcecode.swift; path = AuthenticationViewModel.swift; sourceTree = "<group>"; };
		5C83C5EC2982C7C00003C119 /* CustomTextField.swift */ = {isa = PBXFileReference; lastKnownFileType = sourcecode.swift; path = CustomTextField.swift; sourceTree = "<group>"; };
		5CA406012977BCC50089AF55 /* FeedController.swift */ = {isa = PBXFileReference; lastKnownFileType = sourcecode.swift; path = FeedController.swift; sourceTree = "<group>"; };
		5CA406032977BCD50089AF55 /* SearchController.swift */ = {isa = PBXFileReference; lastKnownFileType = sourcecode.swift; path = SearchController.swift; sourceTree = "<group>"; };
		5CA406052977BCEA0089AF55 /* ImageSelectController.swift */ = {isa = PBXFileReference; lastKnownFileType = sourcecode.swift; path = ImageSelectController.swift; sourceTree = "<group>"; };
		5CA406072977BD050089AF55 /* NotificationController.swift */ = {isa = PBXFileReference; lastKnownFileType = sourcecode.swift; path = NotificationController.swift; sourceTree = "<group>"; };
		5CA406092977BD200089AF55 /* ProfileController.swift */ = {isa = PBXFileReference; lastKnownFileType = sourcecode.swift; path = ProfileController.swift; sourceTree = "<group>"; };
		5CA70FE229B88B92003E3D5B /* UploadPostController.swift */ = {isa = PBXFileReference; lastKnownFileType = sourcecode.swift; path = UploadPostController.swift; sourceTree = "<group>"; };
		5CA70FE429B8945E003E3D5B /* InputTextView.swift */ = {isa = PBXFileReference; lastKnownFileType = sourcecode.swift; path = InputTextView.swift; sourceTree = "<group>"; };
		5CA70FE629B9DF64003E3D5B /* PostService.swift */ = {isa = PBXFileReference; lastKnownFileType = sourcecode.swift; path = PostService.swift; sourceTree = "<group>"; };
		5CA70FEB29BAD0F1003E3D5B /* Post.swift */ = {isa = PBXFileReference; lastKnownFileType = sourcecode.swift; path = Post.swift; sourceTree = "<group>"; };
		5CAF65FC2977276E00F983E0 /* InstagramClone.app */ = {isa = PBXFileReference; explicitFileType = wrapper.application; includeInIndex = 0; path = InstagramClone.app; sourceTree = BUILT_PRODUCTS_DIR; };
		5CAF65FF2977276E00F983E0 /* AppDelegate.swift */ = {isa = PBXFileReference; lastKnownFileType = sourcecode.swift; path = AppDelegate.swift; sourceTree = "<group>"; };
		5CAF66012977276E00F983E0 /* SceneDelegate.swift */ = {isa = PBXFileReference; lastKnownFileType = sourcecode.swift; path = SceneDelegate.swift; sourceTree = "<group>"; };
		5CAF66032977276E00F983E0 /* ViewController.swift */ = {isa = PBXFileReference; lastKnownFileType = sourcecode.swift; path = ViewController.swift; sourceTree = "<group>"; };
		5CAF66062977276E00F983E0 /* Base */ = {isa = PBXFileReference; lastKnownFileType = file.storyboard; name = Base; path = Base.lproj/Main.storyboard; sourceTree = "<group>"; };
		5CAF66082977276F00F983E0 /* Assets.xcassets */ = {isa = PBXFileReference; lastKnownFileType = folder.assetcatalog; path = Assets.xcassets; sourceTree = "<group>"; };
		5CAF660B2977276F00F983E0 /* Base */ = {isa = PBXFileReference; lastKnownFileType = file.storyboard; name = Base; path = Base.lproj/LaunchScreen.storyboard; sourceTree = "<group>"; };
		5CAF660D2977276F00F983E0 /* Info.plist */ = {isa = PBXFileReference; lastKnownFileType = text.plist.xml; path = Info.plist; sourceTree = "<group>"; };
		5CB723BF29B59BF200735C7E /* ProfileHeaderViewModel.swift */ = {isa = PBXFileReference; lastKnownFileType = sourcecode.swift; path = ProfileHeaderViewModel.swift; sourceTree = "<group>"; };
		5CB723C629B6F3E800735C7E /* UserCell.swift */ = {isa = PBXFileReference; lastKnownFileType = sourcecode.swift; path = UserCell.swift; sourceTree = "<group>"; };
		5CB723C829B72D2500735C7E /* UserCellViewModel.swift */ = {isa = PBXFileReference; lastKnownFileType = sourcecode.swift; path = UserCellViewModel.swift; sourceTree = "<group>"; };
/* End PBXFileReference section */

/* Begin PBXFrameworksBuildPhase section */
		5CAF65F92977276E00F983E0 /* Frameworks */ = {
			isa = PBXFrameworksBuildPhase;
			buildActionMask = 2147483647;
			files = (
				5C52DA2629923C1500586CC2 /* FirebaseMessaging in Frameworks */,
				5CA70FEA29B9F459003E3D5B /* JGProgressHUD in Frameworks */,
				5C52DA2029923C1500586CC2 /* FirebaseDatabaseSwift in Frameworks */,
				5C52DA2829923C1500586CC2 /* FirebaseStorage in Frameworks */,
				5C52DA1A29923C1500586CC2 /* FirebaseAnalyticsSwift in Frameworks */,
				5CB723C329B59F8F00735C7E /* SDWebImage in Frameworks */,
				5C52DA1C29923C1500586CC2 /* FirebaseAuth in Frameworks */,
				5C52DA2429923C1500586CC2 /* FirebaseFirestoreSwift in Frameworks */,
				5CA70FE129B884DF003E3D5B /* YPImagePicker in Frameworks */,
				5CB723C529B59F8F00735C7E /* SDWebImageMapKit in Frameworks */,
				5C52DA1E29923C1500586CC2 /* FirebaseDatabase in Frameworks */,
				5C52DA1829923C1500586CC2 /* FirebaseAnalytics in Frameworks */,
				5C52DA2229923C1500586CC2 /* FirebaseFirestore in Frameworks */,
			);
			runOnlyForDeploymentPostprocessing = 0;
		};
/* End PBXFrameworksBuildPhase section */

/* Begin PBXGroup section */
		5C02F86F297DB8B900D0B091 /* Authentication */ = {
			isa = PBXGroup;
			children = (
				5C02F870297DB8F800D0B091 /* LoginController.swift */,
				5C02F872297DB90E00D0B091 /* RegistrationController.swift */,
			);
			path = Authentication;
			sourceTree = "<group>";
		};
		5C08A39E29B46DF0007E9B99 /* Profile */ = {
			isa = PBXGroup;
			children = (
				5C08A39A29B46DDB007E9B99 /* ProfileCell.swift */,
				5C08A39C29B46DE8007E9B99 /* ProfileHeader.swift */,
			);
			path = Profile;
			sourceTree = "<group>";
		};
		5C3348BB2977291A00FB2F19 /* Utils */ = {
			isa = PBXGroup;
			children = (
				5C1DD4602977E6CE00392F71 /* Extensions.swift */,
				5C08A3A129B4F443007E9B99 /* Constants.swift */,
				5CA70FE429B8945E003E3D5B /* InputTextView.swift */,
			);
			path = Utils;
			sourceTree = "<group>";
		};
		5C3348BD2977293300FB2F19 /* API */ = {
			isa = PBXGroup;
			children = (
				5C52DA29299240D600586CC2 /* ImageUploader.swift */,
				5C52DA2B299240E800586CC2 /* AuthService.swift */,
				5C08A39F29B4F3C4007E9B99 /* UserService.swift */,
				5CA70FE629B9DF64003E3D5B /* PostService.swift */,
			);
			path = API;
			sourceTree = "<group>";
		};
		5C3348BF2977293C00FB2F19 /* Controller */ = {
			isa = PBXGroup;
			children = (
				5C02F86F297DB8B900D0B091 /* Authentication */,
				5C3348C329772A0F00FB2F19 /* MainTabController.swift */,
				5CA406012977BCC50089AF55 /* FeedController.swift */,
				5CA406032977BCD50089AF55 /* SearchController.swift */,
				5CA406052977BCEA0089AF55 /* ImageSelectController.swift */,
				5CA406072977BD050089AF55 /* NotificationController.swift */,
				5CA406092977BD200089AF55 /* ProfileController.swift */,
				5CA70FE229B88B92003E3D5B /* UploadPostController.swift */,
			);
			path = Controller;
			sourceTree = "<group>";
		};
		5C3348C02977293E00FB2F19 /* ViewModel */ = {
			isa = PBXGroup;
			children = (
				5C560EC62990C7E7002AF1B7 /* AuthenticationViewModel.swift */,
				5CB723BF29B59BF200735C7E /* ProfileHeaderViewModel.swift */,
				5CB723C829B72D2500735C7E /* UserCellViewModel.swift */,
			);
			path = ViewModel;
			sourceTree = "<group>";
		};
		5C3348C12977294000FB2F19 /* View */ = {
			isa = PBXGroup;
			children = (
				5C08A39E29B46DF0007E9B99 /* Profile */,
				5C1DD45E2977E59600392F71 /* FeedCell.swift */,
				5C83C5EC2982C7C00003C119 /* CustomTextField.swift */,
				5CB723C629B6F3E800735C7E /* UserCell.swift */,
			);
			path = View;
			sourceTree = "<group>";
		};
		5C3348C22977294300FB2F19 /* Model */ = {
			isa = PBXGroup;
			children = (
				5C08A3A329B4F703007E9B99 /* User.swift */,
				5CA70FEB29BAD0F1003E3D5B /* Post.swift */,
			);
			path = Model;
			sourceTree = "<group>";
		};
		5CAF65F32977276E00F983E0 = {
			isa = PBXGroup;
			children = (
				5CAF65FE2977276E00F983E0 /* InstagramClone */,
				5CAF65FD2977276E00F983E0 /* Products */,
			);
			sourceTree = "<group>";
		};
		5CAF65FD2977276E00F983E0 /* Products */ = {
			isa = PBXGroup;
			children = (
				5CAF65FC2977276E00F983E0 /* InstagramClone.app */,
			);
			name = Products;
			sourceTree = "<group>";
		};
		5CAF65FE2977276E00F983E0 /* InstagramClone */ = {
			isa = PBXGroup;
			children = (
				5C3348C22977294300FB2F19 /* Model */,
				5C3348C12977294000FB2F19 /* View */,
				5C3348C02977293E00FB2F19 /* ViewModel */,
				5C3348BF2977293C00FB2F19 /* Controller */,
				5C3348BD2977293300FB2F19 /* API */,
				5C3348BB2977291A00FB2F19 /* Utils */,
				5CAF66032977276E00F983E0 /* ViewController.swift */,
				5CAF66052977276E00F983E0 /* Main.storyboard */,
				5CAF66082977276F00F983E0 /* Assets.xcassets */,
				5CAF660A2977276F00F983E0 /* LaunchScreen.storyboard */,
				5CAF660D2977276F00F983E0 /* Info.plist */,
				5C52DA14299234FF00586CC2 /* GoogleService-Info.plist */,
				5CAF65FF2977276E00F983E0 /* AppDelegate.swift */,
				5CAF66012977276E00F983E0 /* SceneDelegate.swift */,
			);
			path = InstagramClone;
			sourceTree = "<group>";
		};
/* End PBXGroup section */

/* Begin PBXNativeTarget section */
		5CAF65FB2977276E00F983E0 /* InstagramClone */ = {
			isa = PBXNativeTarget;
			buildConfigurationList = 5CAF66102977276F00F983E0 /* Build configuration list for PBXNativeTarget "InstagramClone" */;
			buildPhases = (
				5CAF65F82977276E00F983E0 /* Sources */,
				5CAF65F92977276E00F983E0 /* Frameworks */,
				5CAF65FA2977276E00F983E0 /* Resources */,
			);
			buildRules = (
			);
			dependencies = (
			);
			name = InstagramClone;
			packageProductDependencies = (
				5C52DA1729923C1500586CC2 /* FirebaseAnalytics */,
				5C52DA1929923C1500586CC2 /* FirebaseAnalyticsSwift */,
				5C52DA1B29923C1500586CC2 /* FirebaseAuth */,
				5C52DA1D29923C1500586CC2 /* FirebaseDatabase */,
				5C52DA1F29923C1500586CC2 /* FirebaseDatabaseSwift */,
				5C52DA2129923C1500586CC2 /* FirebaseFirestore */,
				5C52DA2329923C1500586CC2 /* FirebaseFirestoreSwift */,
				5C52DA2529923C1500586CC2 /* FirebaseMessaging */,
				5C52DA2729923C1500586CC2 /* FirebaseStorage */,
				5CB723C229B59F8F00735C7E /* SDWebImage */,
				5CB723C429B59F8F00735C7E /* SDWebImageMapKit */,
				5CA70FE029B884DF003E3D5B /* YPImagePicker */,
				5CA70FE929B9F459003E3D5B /* JGProgressHUD */,
			);
			productName = InstagramClone;
			productReference = 5CAF65FC2977276E00F983E0 /* InstagramClone.app */;
			productType = "com.apple.product-type.application";
		};
/* End PBXNativeTarget section */

/* Begin PBXProject section */
		5CAF65F42977276E00F983E0 /* Project object */ = {
			isa = PBXProject;
			attributes = {
				BuildIndependentTargetsInParallel = 1;
				LastSwiftUpdateCheck = 1420;
				LastUpgradeCheck = 1420;
				TargetAttributes = {
					5CAF65FB2977276E00F983E0 = {
						CreatedOnToolsVersion = 14.2;
					};
				};
			};
			buildConfigurationList = 5CAF65F72977276E00F983E0 /* Build configuration list for PBXProject "InstagramClone" */;
			compatibilityVersion = "Xcode 14.0";
			developmentRegion = en;
			hasScannedForEncodings = 0;
			knownRegions = (
				en,
				Base,
			);
			mainGroup = 5CAF65F32977276E00F983E0;
			packageReferences = (
				5C52DA1629923C1500586CC2 /* XCRemoteSwiftPackageReference "firebase-ios-sdk" */,
				5CB723C129B59F8F00735C7E /* XCRemoteSwiftPackageReference "SDWebImage" */,
				5CA70FDF29B884DF003E3D5B /* XCRemoteSwiftPackageReference "YPImagePicker" */,
				5CA70FE829B9F459003E3D5B /* XCRemoteSwiftPackageReference "JGProgressHUD" */,
			);
			productRefGroup = 5CAF65FD2977276E00F983E0 /* Products */;
			projectDirPath = "";
			projectRoot = "";
			targets = (
				5CAF65FB2977276E00F983E0 /* InstagramClone */,
			);
		};
/* End PBXProject section */

/* Begin PBXResourcesBuildPhase section */
		5CAF65FA2977276E00F983E0 /* Resources */ = {
			isa = PBXResourcesBuildPhase;
			buildActionMask = 2147483647;
			files = (
				5CAF660C2977276F00F983E0 /* LaunchScreen.storyboard in Resources */,
				5C52DA15299234FF00586CC2 /* GoogleService-Info.plist in Resources */,
				5CAF66092977276F00F983E0 /* Assets.xcassets in Resources */,
				5CAF66072977276E00F983E0 /* Main.storyboard in Resources */,
			);
			runOnlyForDeploymentPostprocessing = 0;
		};
/* End PBXResourcesBuildPhase section */

/* Begin PBXSourcesBuildPhase section */
		5CAF65F82977276E00F983E0 /* Sources */ = {
			isa = PBXSourcesBuildPhase;
			buildActionMask = 2147483647;
			files = (
				5C83C5ED2982C7C00003C119 /* CustomTextField.swift in Sources */,
				5C08A39D29B46DE8007E9B99 /* ProfileHeader.swift in Sources */,
				5CA70FE329B88B92003E3D5B /* UploadPostController.swift in Sources */,
				5CAF66042977276E00F983E0 /* ViewController.swift in Sources */,
				5C02F871297DB8F800D0B091 /* LoginController.swift in Sources */,
				5C1DD45F2977E59600392F71 /* FeedCell.swift in Sources */,
				5CA406042977BCD50089AF55 /* SearchController.swift in Sources */,
				5CA406082977BD050089AF55 /* NotificationController.swift in Sources */,
				5C560EC72990C7E7002AF1B7 /* AuthenticationViewModel.swift in Sources */,
				5CB723C729B6F3E800735C7E /* UserCell.swift in Sources */,
				5CAF66002977276E00F983E0 /* AppDelegate.swift in Sources */,
				5CA406022977BCC50089AF55 /* FeedController.swift in Sources */,
				5C08A3A429B4F703007E9B99 /* User.swift in Sources */,
				5CA4060A2977BD200089AF55 /* ProfileController.swift in Sources */,
				5CB723C029B59BF200735C7E /* ProfileHeaderViewModel.swift in Sources */,
				5CA70FE529B8945E003E3D5B /* InputTextView.swift in Sources */,
				5C08A3A229B4F443007E9B99 /* Constants.swift in Sources */,
				5CA406062977BCEA0089AF55 /* ImageSelectController.swift in Sources */,
				5CB723C929B72D2500735C7E /* UserCellViewModel.swift in Sources */,
				5C3348C429772A0F00FB2F19 /* MainTabController.swift in Sources */,
				5C1DD4612977E6CE00392F71 /* Extensions.swift in Sources */,
				5C52DA2A299240D600586CC2 /* ImageUploader.swift in Sources */,
				5CA70FEC29BAD0F1003E3D5B /* Post.swift in Sources */,
				5C52DA2C299240E800586CC2 /* AuthService.swift in Sources */,
				5CA70FE729B9DF64003E3D5B /* PostService.swift in Sources */,
				5C08A3A029B4F3C4007E9B99 /* UserService.swift in Sources */,
				5C08A39B29B46DDB007E9B99 /* ProfileCell.swift in Sources */,
				5CAF66022977276E00F983E0 /* SceneDelegate.swift in Sources */,
				5C02F873297DB90E00D0B091 /* RegistrationController.swift in Sources */,
			);
			runOnlyForDeploymentPostprocessing = 0;
		};
/* End PBXSourcesBuildPhase section */

/* Begin PBXVariantGroup section */
		5CAF66052977276E00F983E0 /* Main.storyboard */ = {
			isa = PBXVariantGroup;
			children = (
				5CAF66062977276E00F983E0 /* Base */,
			);
			name = Main.storyboard;
			sourceTree = "<group>";
		};
		5CAF660A2977276F00F983E0 /* LaunchScreen.storyboard */ = {
			isa = PBXVariantGroup;
			children = (
				5CAF660B2977276F00F983E0 /* Base */,
			);
			name = LaunchScreen.storyboard;
			sourceTree = "<group>";
		};
/* End PBXVariantGroup section */

/* Begin XCBuildConfiguration section */
		5CAF660E2977276F00F983E0 /* Debug */ = {
			isa = XCBuildConfiguration;
			buildSettings = {
				ALWAYS_SEARCH_USER_PATHS = NO;
				CLANG_ANALYZER_NONNULL = YES;
				CLANG_ANALYZER_NUMBER_OBJECT_CONVERSION = YES_AGGRESSIVE;
				CLANG_CXX_LANGUAGE_STANDARD = "gnu++20";
				CLANG_ENABLE_MODULES = YES;
				CLANG_ENABLE_OBJC_ARC = YES;
				CLANG_ENABLE_OBJC_WEAK = YES;
				CLANG_WARN_BLOCK_CAPTURE_AUTORELEASING = YES;
				CLANG_WARN_BOOL_CONVERSION = YES;
				CLANG_WARN_COMMA = YES;
				CLANG_WARN_CONSTANT_CONVERSION = YES;
				CLANG_WARN_DEPRECATED_OBJC_IMPLEMENTATIONS = YES;
				CLANG_WARN_DIRECT_OBJC_ISA_USAGE = YES_ERROR;
				CLANG_WARN_DOCUMENTATION_COMMENTS = YES;
				CLANG_WARN_EMPTY_BODY = YES;
				CLANG_WARN_ENUM_CONVERSION = YES;
				CLANG_WARN_INFINITE_RECURSION = YES;
				CLANG_WARN_INT_CONVERSION = YES;
				CLANG_WARN_NON_LITERAL_NULL_CONVERSION = YES;
				CLANG_WARN_OBJC_IMPLICIT_RETAIN_SELF = YES;
				CLANG_WARN_OBJC_LITERAL_CONVERSION = YES;
				CLANG_WARN_OBJC_ROOT_CLASS = YES_ERROR;
				CLANG_WARN_QUOTED_INCLUDE_IN_FRAMEWORK_HEADER = YES;
				CLANG_WARN_RANGE_LOOP_ANALYSIS = YES;
				CLANG_WARN_STRICT_PROTOTYPES = YES;
				CLANG_WARN_SUSPICIOUS_MOVE = YES;
				CLANG_WARN_UNGUARDED_AVAILABILITY = YES_AGGRESSIVE;
				CLANG_WARN_UNREACHABLE_CODE = YES;
				CLANG_WARN__DUPLICATE_METHOD_MATCH = YES;
				COPY_PHASE_STRIP = NO;
				DEBUG_INFORMATION_FORMAT = dwarf;
				ENABLE_STRICT_OBJC_MSGSEND = YES;
				ENABLE_TESTABILITY = YES;
				GCC_C_LANGUAGE_STANDARD = gnu11;
				GCC_DYNAMIC_NO_PIC = NO;
				GCC_NO_COMMON_BLOCKS = YES;
				GCC_OPTIMIZATION_LEVEL = 0;
				GCC_PREPROCESSOR_DEFINITIONS = (
					"DEBUG=1",
					"$(inherited)",
				);
				GCC_WARN_64_TO_32_BIT_CONVERSION = YES;
				GCC_WARN_ABOUT_RETURN_TYPE = YES_ERROR;
				GCC_WARN_UNDECLARED_SELECTOR = YES;
				GCC_WARN_UNINITIALIZED_AUTOS = YES_AGGRESSIVE;
				GCC_WARN_UNUSED_FUNCTION = YES;
				GCC_WARN_UNUSED_VARIABLE = YES;
				IPHONEOS_DEPLOYMENT_TARGET = 16.2;
				MTL_ENABLE_DEBUG_INFO = INCLUDE_SOURCE;
				MTL_FAST_MATH = YES;
				ONLY_ACTIVE_ARCH = YES;
				SDKROOT = iphoneos;
				SWIFT_ACTIVE_COMPILATION_CONDITIONS = DEBUG;
				SWIFT_OPTIMIZATION_LEVEL = "-Onone";
			};
			name = Debug;
		};
		5CAF660F2977276F00F983E0 /* Release */ = {
			isa = XCBuildConfiguration;
			buildSettings = {
				ALWAYS_SEARCH_USER_PATHS = NO;
				CLANG_ANALYZER_NONNULL = YES;
				CLANG_ANALYZER_NUMBER_OBJECT_CONVERSION = YES_AGGRESSIVE;
				CLANG_CXX_LANGUAGE_STANDARD = "gnu++20";
				CLANG_ENABLE_MODULES = YES;
				CLANG_ENABLE_OBJC_ARC = YES;
				CLANG_ENABLE_OBJC_WEAK = YES;
				CLANG_WARN_BLOCK_CAPTURE_AUTORELEASING = YES;
				CLANG_WARN_BOOL_CONVERSION = YES;
				CLANG_WARN_COMMA = YES;
				CLANG_WARN_CONSTANT_CONVERSION = YES;
				CLANG_WARN_DEPRECATED_OBJC_IMPLEMENTATIONS = YES;
				CLANG_WARN_DIRECT_OBJC_ISA_USAGE = YES_ERROR;
				CLANG_WARN_DOCUMENTATION_COMMENTS = YES;
				CLANG_WARN_EMPTY_BODY = YES;
				CLANG_WARN_ENUM_CONVERSION = YES;
				CLANG_WARN_INFINITE_RECURSION = YES;
				CLANG_WARN_INT_CONVERSION = YES;
				CLANG_WARN_NON_LITERAL_NULL_CONVERSION = YES;
				CLANG_WARN_OBJC_IMPLICIT_RETAIN_SELF = YES;
				CLANG_WARN_OBJC_LITERAL_CONVERSION = YES;
				CLANG_WARN_OBJC_ROOT_CLASS = YES_ERROR;
				CLANG_WARN_QUOTED_INCLUDE_IN_FRAMEWORK_HEADER = YES;
				CLANG_WARN_RANGE_LOOP_ANALYSIS = YES;
				CLANG_WARN_STRICT_PROTOTYPES = YES;
				CLANG_WARN_SUSPICIOUS_MOVE = YES;
				CLANG_WARN_UNGUARDED_AVAILABILITY = YES_AGGRESSIVE;
				CLANG_WARN_UNREACHABLE_CODE = YES;
				CLANG_WARN__DUPLICATE_METHOD_MATCH = YES;
				COPY_PHASE_STRIP = NO;
				DEBUG_INFORMATION_FORMAT = "dwarf-with-dsym";
				ENABLE_NS_ASSERTIONS = NO;
				ENABLE_STRICT_OBJC_MSGSEND = YES;
				GCC_C_LANGUAGE_STANDARD = gnu11;
				GCC_NO_COMMON_BLOCKS = YES;
				GCC_WARN_64_TO_32_BIT_CONVERSION = YES;
				GCC_WARN_ABOUT_RETURN_TYPE = YES_ERROR;
				GCC_WARN_UNDECLARED_SELECTOR = YES;
				GCC_WARN_UNINITIALIZED_AUTOS = YES_AGGRESSIVE;
				GCC_WARN_UNUSED_FUNCTION = YES;
				GCC_WARN_UNUSED_VARIABLE = YES;
				IPHONEOS_DEPLOYMENT_TARGET = 16.2;
				MTL_ENABLE_DEBUG_INFO = NO;
				MTL_FAST_MATH = YES;
				SDKROOT = iphoneos;
				SWIFT_COMPILATION_MODE = wholemodule;
				SWIFT_OPTIMIZATION_LEVEL = "-O";
				VALIDATE_PRODUCT = YES;
			};
			name = Release;
		};
		5CAF66112977276F00F983E0 /* Debug */ = {
			isa = XCBuildConfiguration;
			buildSettings = {
				ASSETCATALOG_COMPILER_APPICON_NAME = AppIcon;
				ASSETCATALOG_COMPILER_GLOBAL_ACCENT_COLOR_NAME = AccentColor;
				CODE_SIGN_STYLE = Automatic;
				CURRENT_PROJECT_VERSION = 1;
				DEVELOPMENT_TEAM = RYZ3RA62XL;
				GENERATE_INFOPLIST_FILE = YES;
				INFOPLIST_FILE = InstagramClone/Info.plist;
				INFOPLIST_KEY_UIApplicationSupportsIndirectInputEvents = YES;
				INFOPLIST_KEY_UILaunchStoryboardName = LaunchScreen;
				INFOPLIST_KEY_UIMainStoryboardFile = Main;
				INFOPLIST_KEY_UISupportedInterfaceOrientations_iPad = "UIInterfaceOrientationPortrait UIInterfaceOrientationPortraitUpsideDown UIInterfaceOrientationLandscapeLeft UIInterfaceOrientationLandscapeRight";
				INFOPLIST_KEY_UISupportedInterfaceOrientations_iPhone = "UIInterfaceOrientationPortrait UIInterfaceOrientationLandscapeLeft UIInterfaceOrientationLandscapeRight";
				LD_RUNPATH_SEARCH_PATHS = (
					"$(inherited)",
					"@executable_path/Frameworks",
				);
				MARKETING_VERSION = 1.0;
				PRODUCT_BUNDLE_IDENTIFIER = com.ROCKY.InstagramClone;
				PRODUCT_NAME = "$(TARGET_NAME)";
				SWIFT_EMIT_LOC_STRINGS = YES;
				SWIFT_VERSION = 5.0;
				TARGETED_DEVICE_FAMILY = "1,2";
			};
			name = Debug;
		};
		5CAF66122977276F00F983E0 /* Release */ = {
			isa = XCBuildConfiguration;
			buildSettings = {
				ASSETCATALOG_COMPILER_APPICON_NAME = AppIcon;
				ASSETCATALOG_COMPILER_GLOBAL_ACCENT_COLOR_NAME = AccentColor;
				CODE_SIGN_STYLE = Automatic;
				CURRENT_PROJECT_VERSION = 1;
				DEVELOPMENT_TEAM = RYZ3RA62XL;
				GENERATE_INFOPLIST_FILE = YES;
				INFOPLIST_FILE = InstagramClone/Info.plist;
				INFOPLIST_KEY_UIApplicationSupportsIndirectInputEvents = YES;
				INFOPLIST_KEY_UILaunchStoryboardName = LaunchScreen;
				INFOPLIST_KEY_UIMainStoryboardFile = Main;
				INFOPLIST_KEY_UISupportedInterfaceOrientations_iPad = "UIInterfaceOrientationPortrait UIInterfaceOrientationPortraitUpsideDown UIInterfaceOrientationLandscapeLeft UIInterfaceOrientationLandscapeRight";
				INFOPLIST_KEY_UISupportedInterfaceOrientations_iPhone = "UIInterfaceOrientationPortrait UIInterfaceOrientationLandscapeLeft UIInterfaceOrientationLandscapeRight";
				LD_RUNPATH_SEARCH_PATHS = (
					"$(inherited)",
					"@executable_path/Frameworks",
				);
				MARKETING_VERSION = 1.0;
				PRODUCT_BUNDLE_IDENTIFIER = com.ROCKY.InstagramClone;
				PRODUCT_NAME = "$(TARGET_NAME)";
				SWIFT_EMIT_LOC_STRINGS = YES;
				SWIFT_VERSION = 5.0;
				TARGETED_DEVICE_FAMILY = "1,2";
			};
			name = Release;
		};
/* End XCBuildConfiguration section */

/* Begin XCConfigurationList section */
		5CAF65F72977276E00F983E0 /* Build configuration list for PBXProject "InstagramClone" */ = {
			isa = XCConfigurationList;
			buildConfigurations = (
				5CAF660E2977276F00F983E0 /* Debug */,
				5CAF660F2977276F00F983E0 /* Release */,
			);
			defaultConfigurationIsVisible = 0;
			defaultConfigurationName = Release;
		};
		5CAF66102977276F00F983E0 /* Build configuration list for PBXNativeTarget "InstagramClone" */ = {
			isa = XCConfigurationList;
			buildConfigurations = (
				5CAF66112977276F00F983E0 /* Debug */,
				5CAF66122977276F00F983E0 /* Release */,
			);
			defaultConfigurationIsVisible = 0;
			defaultConfigurationName = Release;
		};
/* End XCConfigurationList section */

/* Begin XCRemoteSwiftPackageReference section */
		5C52DA1629923C1500586CC2 /* XCRemoteSwiftPackageReference "firebase-ios-sdk" */ = {
			isa = XCRemoteSwiftPackageReference;
			repositoryURL = "https://github.com/firebase/firebase-ios-sdk";
			requirement = {
				kind = exactVersion;
				version = 9.6.0;
			};
		};
		5CA70FDF29B884DF003E3D5B /* XCRemoteSwiftPackageReference "YPImagePicker" */ = {
			isa = XCRemoteSwiftPackageReference;
			repositoryURL = "https://github.com/Yummypets/YPImagePicker";
			requirement = {
				kind = exactVersion;
				version = 5.2.1;
			};
		};
		5CA70FE829B9F459003E3D5B /* XCRemoteSwiftPackageReference "JGProgressHUD" */ = {
			isa = XCRemoteSwiftPackageReference;
			repositoryURL = "https://github.com/JonasGessner/JGProgressHUD";
			requirement = {
				kind = exactVersion;
				version = 2.2.0;
			};
		};
		5CB723C129B59F8F00735C7E /* XCRemoteSwiftPackageReference "SDWebImage" */ = {
			isa = XCRemoteSwiftPackageReference;
			repositoryURL = "https://github.com/SDWebImage/SDWebImage";
			requirement = {
				kind = exactVersion;
				version = 5.9.5;
			};
		};
/* End XCRemoteSwiftPackageReference section */

/* Begin XCSwiftPackageProductDependency section */
		5C52DA1729923C1500586CC2 /* FirebaseAnalytics */ = {
			isa = XCSwiftPackageProductDependency;
			package = 5C52DA1629923C1500586CC2 /* XCRemoteSwiftPackageReference "firebase-ios-sdk" */;
			productName = FirebaseAnalytics;
		};
		5C52DA1929923C1500586CC2 /* FirebaseAnalyticsSwift */ = {
			isa = XCSwiftPackageProductDependency;
			package = 5C52DA1629923C1500586CC2 /* XCRemoteSwiftPackageReference "firebase-ios-sdk" */;
			productName = FirebaseAnalyticsSwift;
		};
		5C52DA1B29923C1500586CC2 /* FirebaseAuth */ = {
			isa = XCSwiftPackageProductDependency;
			package = 5C52DA1629923C1500586CC2 /* XCRemoteSwiftPackageReference "firebase-ios-sdk" */;
			productName = FirebaseAuth;
		};
		5C52DA1D29923C1500586CC2 /* FirebaseDatabase */ = {
			isa = XCSwiftPackageProductDependency;
			package = 5C52DA1629923C1500586CC2 /* XCRemoteSwiftPackageReference "firebase-ios-sdk" */;
			productName = FirebaseDatabase;
		};
		5C52DA1F29923C1500586CC2 /* FirebaseDatabaseSwift */ = {
			isa = XCSwiftPackageProductDependency;
			package = 5C52DA1629923C1500586CC2 /* XCRemoteSwiftPackageReference "firebase-ios-sdk" */;
			productName = FirebaseDatabaseSwift;
		};
		5C52DA2129923C1500586CC2 /* FirebaseFirestore */ = {
			isa = XCSwiftPackageProductDependency;
			package = 5C52DA1629923C1500586CC2 /* XCRemoteSwiftPackageReference "firebase-ios-sdk" */;
			productName = FirebaseFirestore;
		};
		5C52DA2329923C1500586CC2 /* FirebaseFirestoreSwift */ = {
			isa = XCSwiftPackageProductDependency;
			package = 5C52DA1629923C1500586CC2 /* XCRemoteSwiftPackageReference "firebase-ios-sdk" */;
			productName = FirebaseFirestoreSwift;
		};
		5C52DA2529923C1500586CC2 /* FirebaseMessaging */ = {
			isa = XCSwiftPackageProductDependency;
			package = 5C52DA1629923C1500586CC2 /* XCRemoteSwiftPackageReference "firebase-ios-sdk" */;
			productName = FirebaseMessaging;
		};
		5C52DA2729923C1500586CC2 /* FirebaseStorage */ = {
			isa = XCSwiftPackageProductDependency;
			package = 5C52DA1629923C1500586CC2 /* XCRemoteSwiftPackageReference "firebase-ios-sdk" */;
			productName = FirebaseStorage;
		};
		5CA70FE029B884DF003E3D5B /* YPImagePicker */ = {
			isa = XCSwiftPackageProductDependency;
			package = 5CA70FDF29B884DF003E3D5B /* XCRemoteSwiftPackageReference "YPImagePicker" */;
			productName = YPImagePicker;
		};
		5CA70FE929B9F459003E3D5B /* JGProgressHUD */ = {
			isa = XCSwiftPackageProductDependency;
			package = 5CA70FE829B9F459003E3D5B /* XCRemoteSwiftPackageReference "JGProgressHUD" */;
			productName = JGProgressHUD;
		};
		5CB723C229B59F8F00735C7E /* SDWebImage */ = {
			isa = XCSwiftPackageProductDependency;
			package = 5CB723C129B59F8F00735C7E /* XCRemoteSwiftPackageReference "SDWebImage" */;
			productName = SDWebImage;
		};
		5CB723C429B59F8F00735C7E /* SDWebImageMapKit */ = {
			isa = XCSwiftPackageProductDependency;
			package = 5CB723C129B59F8F00735C7E /* XCRemoteSwiftPackageReference "SDWebImage" */;
			productName = SDWebImageMapKit;
		};
/* End XCSwiftPackageProductDependency section */
	};
	rootObject = 5CAF65F42977276E00F983E0 /* Project object */;
}
